
Microsoft Visual Studio Solution File, Format Version 12.00
# Visual Studio 2013
VisualStudioVersion = 12.0.30723.0
MinimumVisualStudioVersion = 10.0.40219.1
Project("{FAE04EC0-301F-11D3-BF4B-00C04F79EFBC}") = "PDFTransform", "PDFTransform\PDFTransform.csproj", "{AEEC9695-8396-438E-B2B9-279A384F344A}"
EndProject
Global
	GlobalSection(SolutionConfigurationPlatforms) = preSolution
		Debug|Any CPU = Debug|Any CPU
		Release|Any CPU = Release|Any CPU
	EndGlobalSection
	GlobalSection(ProjectConfigurationPlatforms) = postSolution
		{AEEC9695-8396-438E-B2B9-279A384F344A}.Debug|Any CPU.ActiveCfg = Debug|Any CPU
		{AEEC9695-8396-438E-B2B9-279A384F344A}.Debug|Any CPU.Build.0 = Debug|Any CPU
		{AEEC9695-8396-438E-B2B9-279A384F344A}.Release|Any CPU.ActiveCfg = Release|Any CPU
		{AEEC9695-8396-438E-B2B9-279A384F344A}.Release|Any CPU.Build.0 = Release|Any CPU
	EndGlobalSection
	GlobalSection(SolutionProperties) = preSolution
		HideSolutionNode = FALSE
	EndGlobalSection
EndGlobal
